{
    "_meta": {
        "hash": {
            "sha256": "80fbbb7d5a0e7949ada86a82efd48464dd5cdc30b5b6871417e0a66ea1af8ca7"
        },
        "pipfile-spec": 6,
        "requires": {
            "python_version": "3.11"
        },
        "sources": [
            {
                "name": "pypi",
                "url": "https://pypi.org/simple",
                "verify_ssl": true
            }
        ]
    },
    "default": {
        "amqp": {
            "hashes": [
                "sha256:2c1b13fecc0893e946c65cbd5f36427861cffa4ea2201d8f6fca22e2a373b5e2",
                "sha256:6f0956d2c23d8fa6e7691934d8c3930eadb44972cbbd1a7ae3a520f735d43359"
            ],
            "markers": "python_version >= '3.6'",
            "version": "==5.1.1"
        },
        "asgiref": {
            "hashes": [
                "sha256:89b2ef2247e3b562a16eef663bc0e2e703ec6468e2fa8a5cd61cd449786d4f6e",
                "sha256:9e0ce3aa93a819ba5b45120216b23878cf6e8525eb3848653452b4192b92afed"
            ],
            "markers": "python_version >= '3.7'",
            "version": "==3.7.2"
        },
        "billiard": {
            "hashes": [
                "sha256:0f50d6be051c6b2b75bfbc8bfd85af195c5739c281d3f5b86a5640c65563614a",
                "sha256:1ad2eeae8e28053d729ba3373d34d9d6e210f6e4d8bf0a9c64f92bd053f1edf5"
            ],
            "markers": "python_version >= '3.7'",
            "version": "==4.1.0"
        },
        "celery": {
            "hashes": [
                "sha256:1eaba5ee14d8c8c0bed8f6063e5e10dabdbcf23503a861cf0e10b7221d99cb0d",
                "sha256:95d29f9a93f41c4b122fddf1fe3ef13f872029dca4ad1f9af4f1a414442ceecf"
            ],
            "index": "pypi",
            "version": "==5.3.0"
        },
        "click": {
            "hashes": [
                "sha256:7682dc8afb30297001674575ea00d1814d808d6a36af415a82bd481d37ba7b8e",
                "sha256:bb4d8133cb15a609f44e8213d9b391b0809795062913b383c62be0ee95b1db48"
            ],
            "markers": "python_version >= '3.7'",
            "version": "==8.1.3"
        },
        "click-didyoumean": {
            "hashes": [
                "sha256:a0713dc7a1de3f06bc0df5a9567ad19ead2d3d5689b434768a6145bff77c0667",
                "sha256:f184f0d851d96b6d29297354ed981b7dd71df7ff500d82fa6d11f0856bee8035"
            ],
            "markers": "python_full_version >= '3.6.2' and python_full_version < '4.0.0'",
            "version": "==0.3.0"
        },
        "click-plugins": {
            "hashes": [
                "sha256:46ab999744a9d831159c3411bb0c79346d94a444df9a3a3742e9ed63645f264b",
                "sha256:5d262006d3222f5057fd81e1623d4443e41dcda5dc815c06b442aa3c02889fc8"
            ],
            "version": "==1.1.1"
        },
        "click-repl": {
            "hashes": [
                "sha256:94b3fbbc9406a236f176e0506524b2937e4b23b6f4c0c0b2a0a83f8a64e9194b",
                "sha256:cd12f68d745bf6151210790540b4cb064c7b13e571bc64b6957d98d120dacfd8"
            ],
            "version": "==0.2.0"
        },
        "cron-descriptor": {
            "hashes": [
                "sha256:b6ff4e3a988d7ca04a4ab150248e9f166fb7a5c828a85090e75bcc25aa93b4dd"
            ],
            "version": "==1.4.0"
        },
        "django": {
            "hashes": [
                "sha256:2a6b6fbff5b59dd07bef10bcb019bee2ea97a30b2a656d51346596724324badf",
                "sha256:672b3fa81e1f853bb58be1b51754108ab4ffa12a77c06db86aa8df9ed0c46fe5"
            ],
            "index": "pypi",
            "version": "==4.2.2"
        },
        "django-celery-beat": {
            "hashes": [
                "sha256:ae460faa5ea142fba0875409095d22f6bd7bcc7377889b85e8cab5c0dfb781fe",
                "sha256:cd0a47f5958402f51ac0c715bc942ae33d7b50b4e48cba91bc3f2712be505df1"
            ],
            "index": "pypi",
            "version": "==2.5.0"
        },
        "django-cors-headers": {
            "hashes": [
                "sha256:a971cd4c75b29974068cc36b5c595698822f1e0edd5f1b32ea42ea37326ad4aa",
                "sha256:e3cbd247a1a835da4cf71a70d4214378813ea7e08337778b82cb2c1bc19d28d6"
            ],
            "index": "pypi",
            "version": "==4.0.0"
        },
        "django-timezone-field": {
            "hashes": [
                "sha256:15746ed367a5a32eda76cfa2886eeec1de8cda79f519b7c5e12f87ed7cdbd663",
                "sha256:199f211082eeac7e83563929b8ce41399c1c0f00dfc2f36bc00bea381027eaaa"
            ],
            "markers": "python_version >= '3.7' and python_version < '4.0'",
            "version": "==5.0"
        },
        "djangorestframework": {
            "hashes": [
                "sha256:579a333e6256b09489cbe0a067e66abe55c6595d8926be6b99423786334350c8",
                "sha256:eb63f58c9f218e1a7d064d17a70751f528ed4e1d35547fdade9aaf4cd103fd08"
            ],
            "index": "pypi",
            "version": "==3.14.0"
        },
        "flower": {
            "hashes": [
                "sha256:46493c7e8d9ca2167e8a46eb97ae8d280997cb40a81993230124d74f0fe40bac",
                "sha256:ae2977cf7343c526cf44def8c7e7173db8dedb8249b91ba4b88cfd18e7a2d486"
            ],
            "index": "pypi",
            "version": "==1.2.0"
        },
        "gunicorn": {
            "hashes": [
                "sha256:9dcc4547dbb1cb284accfb15ab5667a0e5d1881cc443e0677b4882a4067a807e",
                "sha256:e0a968b5ba15f8a328fdfd7ab1fcb5af4470c28aaf7e55df02a99bc13138e6e8"
            ],
            "index": "pypi",
            "version": "==20.1.0"
        },
        "hiredis": {
            "hashes": [
                "sha256:071c5814b850574036506a8118034f97c3cbf2fe9947ff45a27b07a48da56240",
                "sha256:08415ea74c1c29b9d6a4ca3dd0e810dc1af343c1d1d442e15ba133b11ab5be6a",
                "sha256:126623b03c31cb6ac3e0d138feb6fcc36dd43dd34fc7da7b7a0c38b5d75bc896",
                "sha256:14824e457e4f5cda685c3345d125da13949bcf3bb1c88eb5d248c8d2c3dee08f",
                "sha256:15c2a551f3b8a26f7940d6ee10b837810201754b8d7e6f6b1391655370882c5a",
                "sha256:17e938d9d3ee92e1adbff361706f1c36cc60eeb3e3eeca7a3a353eae344f4c91",
                "sha256:1cadb0ac7ba3babfd804e425946bec9717b320564a1390f163a54af9365a720a",
                "sha256:1d274d5c511dfc03f83f997d3238eaa9b6ee3f982640979f509373cced891e98",
                "sha256:20f509e3a1a20d6e5f5794fc37ceb21f70f409101fcfe7a8bde783894d51b369",
                "sha256:227c5b4bcb60f89008c275d596e4a7b6625a6b3c827b8a66ae582eace7051f71",
                "sha256:232d0a70519865741ba56e1dfefd160a580ae78c30a1517bad47b3cf95a3bc7d",
                "sha256:2443659c76b226267e2a04dbbb21bc2a3f91aa53bdc0c22964632753ae43a247",
                "sha256:2d7e459fe7313925f395148d36d9b7f4f8dac65be06e45d7af356b187cef65fc",
                "sha256:2fb9300959a0048138791f3d68359d61a788574ec9556bddf1fec07f2dbc5320",
                "sha256:334f2738700b20faa04a0d813366fb16ed17287430a6b50584161d5ad31ca6d7",
                "sha256:33a94d264e6e12a79d9bb8af333b01dc286b9f39c99072ab5fef94ce1f018e17",
                "sha256:33bc4721632ef9708fa44e5df0066053fccc8e65410a2c48573192517a533b48",
                "sha256:33ee3ea5cad3a8cb339352cd230b411eb437a2e75d7736c4899acab32056ccdb",
                "sha256:3753df5f873d473f055e1f8837bfad0bd3b277c86f3c9bf058c58f14204cd901",
                "sha256:3759f4789ae1913b7df278dfc9e8749205b7a106f888cd2903d19461e24a7697",
                "sha256:3b7fe075e91b9d9cff40eba4fb6a8eff74964d3979a39be9a9ef58b1b4cb3604",
                "sha256:3bf4b5bae472630c229518e4a814b1b68f10a3d9b00aeaec45f1a330f03a0251",
                "sha256:3f006c28c885deb99b670a5a66f367a175ab8955b0374029bad7111f5357dcd4",
                "sha256:3f5446068197b35a11ccc697720c41879c8657e2e761aaa8311783aac84cef20",
                "sha256:3fa6811a618653164f918b891a0fa07052bd71a799defa5c44d167cac5557b26",
                "sha256:46525fbd84523cac75af5bf524bc74aaac848beaf31b142d2df8a787d9b4bbc4",
                "sha256:477c34c4489666dc73cb5e89dafe2617c3e13da1298917f73d55aac4696bd793",
                "sha256:4b3e974ad15eb32b1f537730dea70b93a4c3db7b026de3ad2b59da49c6f7454d",
                "sha256:4c3b8be557e08b234774925622e196f0ee36fe4eab66cd19df934d3efd8f3743",
                "sha256:4e3e3e31423f888d396b1fc1f936936e52af868ac1ec17dd15e3eeba9dd4de24",
                "sha256:4e43e2b5acaad09cf48c032f7e4926392bb3a3f01854416cf6d82ebff94d5467",
                "sha256:4ed68a3b1ccb4313d2a42546fd7e7439ad4745918a48b6c9bcaa61e1e3e42634",
                "sha256:4f674e309cd055ee7a48304ceb8cf43265d859faf4d7d01d270ce45e976ae9d3",
                "sha256:50171f985e17970f87d5a29e16603d1e5b03bdbf5c2691a37e6c912942a6b657",
                "sha256:51341e70b467004dcbec3a6ce8c478d2d6241e0f6b01e4c56764afd5022e1e9d",
                "sha256:5a4bcef114fc071d5f52c386c47f35aae0a5b43673197b9288a15b584da8fa3a",
                "sha256:5a5c8019ff94988d56eb49b15de76fe83f6b42536d76edeb6565dbf7fe14b973",
                "sha256:5cda592405bbd29d53942e0389dc3fa77b49c362640210d7e94a10c14a677d4d",
                "sha256:5e6674a017629284ef373b50496d9fb1a89b85a20a7fa100ecd109484ec748e5",
                "sha256:5e7bb4dd524f50b71c20ef5a12bd61da9b463f8894b18a06130942fe31509881",
                "sha256:60c4e3c258eafaab21b174b17270a0cc093718d61cdbde8c03f85ec4bf835343",
                "sha256:61995eb826009d99ed8590747bc0da683a5f4fbb4faa8788166bf3810845cd5c",
                "sha256:61a72e4a523cdfc521762137559c08dfa360a3caef63620be58c699d1717dac1",
                "sha256:69536b821dd1bc78058a6e7541743f8d82bf2d981b91280b14c4daa6cdc7faba",
                "sha256:6ccdcb635dae85b006592f78e32d97f4bc7541cb27829d505f9c7fefcef48298",
                "sha256:6f88cafe46612b6fa68e6dea49e25bebf160598bba00101caa51cc8c1f18d597",
                "sha256:6f969edc851efe23010e0f53a64269f2629a9364135e9ec81c842e8b2277d0c1",
                "sha256:77924b0d32fd1f493d3df15d9609ddf9d94c31a364022a6bf6b525ce9da75bea",
                "sha256:7df645b6b7800e8b748c217fbd6a4ca8361bcb9a1ae6206cc02377833ec8a1aa",
                "sha256:7e17d04ea58ab8cf3f2dc52e875db16077c6357846006780086fff3189fb199d",
                "sha256:7f2b34a6444b8f9c1e9f84bd2c639388e5d14f128afd14a869dfb3d9af893aa2",
                "sha256:818dfd310aa1020a13cd08ee48e116dd8c3bb2e23b8161f8ac4df587dd5093d7",
                "sha256:89a258424158eb8b3ed9f65548d68998da334ef155d09488c5637723eb1cd697",
                "sha256:8eceffca3941775b646cd585cd19b275d382de43cc3327d22f7c75d7b003d481",
                "sha256:8f280ab4e043b089777b43b4227bdc2035f88da5072ab36588e0ccf77d45d058",
                "sha256:8f9dbe12f011a9b784f58faecc171d22465bb532c310bd588d769ba79a59ef5a",
                "sha256:9076ce8429785c85f824650735791738de7143f61f43ae9ed83e163c0ca0fa44",
                "sha256:95d2305fd2a7b179cacb48b10f618872fc565c175f9f62b854e8d1acac3e8a9e",
                "sha256:96d9ea6c8d4cbdeee2e0d43379ce2881e4af0454b00570677c59f33f2531cd38",
                "sha256:9944a2cac25ffe049a7e89f306e11b900640837d1ef38d9be0eaa4a4e2b73a52",
                "sha256:9a1a80a8fa767f2fdc3870316a54b84fe9fc09fa6ab6a2686783de6a228a4604",
                "sha256:9cd32326dfa6ce87edf754153b0105aca64486bebe93b9600ccff74fa0b224df",
                "sha256:9f4a65276f6ecdebe75f2a53f578fbc40e8d2860658420d5e0611c56bbf5054c",
                "sha256:a286ded34eb16501002e3713b3130c987366eee2ba0d58c33c72f27778e31676",
                "sha256:a2df98f5e071320c7d84e8bd07c0542acdd0a7519307fc31774d60e4b842ec4f",
                "sha256:a7205497d7276a81fe92951a29616ef96562ed2f91a02066f72b6f93cb34b40e",
                "sha256:aa17a3b22b3726d54d7af20394f65d4a1735a842a4e0f557dc67a90f6965c4bc",
                "sha256:af33f370be90b48bbaf0dab32decbdcc522b1fa95d109020a963282086518a8e",
                "sha256:b17baf702c6e5b4bb66e1281a3efbb1d749c9d06cdb92b665ad81e03118f78fc",
                "sha256:b4f3d06dc16671b88a13ae85d8ca92534c0b637d59e49f0558d040a691246422",
                "sha256:b9953d87418ac228f508d93898ab572775e4d3b0eeb886a1a7734553bcdaf291",
                "sha256:b9a7c987e161e3c58f992c63b7e26fea7fe0777f3b975799d23d65bbb8cb5899",
                "sha256:c6cb613148422c523945cdb8b6bed617856f2602fd8750e33773ede2616e55d5",
                "sha256:c9b9e5bde7030cae83aa900b5bd660decc65afd2db8c400f3c568c815a47ca2a",
                "sha256:cc36a9dded458d4e37492fe3e619c6c83caae794d26ad925adbce61d592f8428",
                "sha256:cd2614f17e261f72efc2f19f5e5ff2ee19e2296570c0dcf33409e22be30710de",
                "sha256:d115790f18daa99b5c11a506e48923b630ef712e9e4b40482af942c3d40638b8",
                "sha256:d194decd9608f11c777946f596f31d5aacad13972a0a87829ae1e6f2d26c1885",
                "sha256:d1a4ce40ba11da9382c14da31f4f9e88c18f7d294f523decd0fadfb81f51ad18",
                "sha256:d1be9e30e675f5bc1cb534633324578f6f0944a1bcffe53242cf632f554f83b6",
                "sha256:d20891e3f33803b26d54c77fd5745878497091e33f4bbbdd454cf6e71aee8890",
                "sha256:d27e560eefb57914d742a837f1da98d3b29cb22eff013c8023b7cf52ae6e051d",
                "sha256:dcb0569dd5bfe6004658cd0f229efa699a3169dcb4f77bd72e188adda302063d",
                "sha256:e62ec131816c6120eff40dffe43424e140264a15fa4ab88c301bd6a595913af3",
                "sha256:e75163773a309e56a9b58165cf5a50e0f84b755f6ff863b2c01a38918fe92daa",
                "sha256:ec58fb7c2062f835595c12f0f02dcda76d0eb0831423cc191d1e18c9276648de",
                "sha256:f1eadbcd3de55ac42310ff82550d3302cb4efcd4e17d76646a17b6e7004bb42b",
                "sha256:f2dcb8389fa3d453927b1299f46bdb38473c293c8269d5c777d33ea0e526b610",
                "sha256:ffaf841546905d90ff189de7397aa56413b1ce5e54547f17a98f0ebf3a3b0a3b"
            ],
            "version": "==2.2.3"
        },
        "humanize": {
            "hashes": [
                "sha256:401201aca462749773f02920139f302450cb548b70489b9b4b92be39fe3c3c50",
                "sha256:5f1f22bc65911eb1a6ffe7659bd6598e33dcfeeb904eb16ee1e705a09bf75916"
            ],
            "markers": "python_version >= '3.7'",
            "version": "==4.6.0"
        },
        "joblib": {
            "hashes": [
                "sha256:091138ed78f800342968c523bdde947e7a305b8594b910a0fea2ab83c3c6d385",
                "sha256:e1cee4a79e4af22881164f218d4311f60074197fb707e082e803b61f6d137018"
            ],
            "markers": "python_version >= '3.7'",
            "version": "==1.2.0"
        },
        "kombu": {
            "hashes": [
                "sha256:d084ec1f96f7a7c37ba9e816823bdbc08f0fc7ddb3a5be555805e692102297d8",
                "sha256:fa9be55281bb351ba9da582b2a74e3dd5015b8d075b287e4d16f0b2f25fefcc2"
            ],
            "markers": "python_version >= '3.8'",
            "version": "==5.3.0"
        },
        "numpy": {
            "hashes": [
                "sha256:0ec87a7084caa559c36e0a2309e4ecb1baa03b687201d0a847c8b0ed476a7187",
                "sha256:1a7d6acc2e7524c9955e5c903160aa4ea083736fde7e91276b0e5d98e6332812",
                "sha256:202de8f38fc4a45a3eea4b63e2f376e5f2dc64ef0fa692838e31a808520efaf7",
                "sha256:210461d87fb02a84ef243cac5e814aad2b7f4be953b32cb53327bb49fd77fbb4",
                "sha256:2d926b52ba1367f9acb76b0df6ed21f0b16a1ad87c6720a1121674e5cf63e2b6",
                "sha256:352ee00c7f8387b44d19f4cada524586f07379c0d49270f87233983bc5087ca0",
                "sha256:35400e6a8d102fd07c71ed7dcadd9eb62ee9a6e84ec159bd48c28235bbb0f8e4",
                "sha256:3c1104d3c036fb81ab923f507536daedc718d0ad5a8707c6061cdfd6d184e570",
                "sha256:4719d5aefb5189f50887773699eaf94e7d1e02bf36c1a9d353d9f46703758ca4",
                "sha256:4749e053a29364d3452c034827102ee100986903263e89884922ef01a0a6fd2f",
                "sha256:5342cf6aad47943286afa6f1609cad9b4266a05e7f2ec408e2cf7aea7ff69d80",
                "sha256:56e48aec79ae238f6e4395886b5eaed058abb7231fb3361ddd7bfdf4eed54289",
                "sha256:76e3f4e85fc5d4fd311f6e9b794d0c00e7002ec122be271f2019d63376f1d385",
                "sha256:7776ea65423ca6a15255ba1872d82d207bd1e09f6d0894ee4a64678dd2204078",
                "sha256:784c6da1a07818491b0ffd63c6bbe5a33deaa0e25a20e1b3ea20cf0e43f8046c",
                "sha256:8535303847b89aa6b0f00aa1dc62867b5a32923e4d1681a35b5eef2d9591a463",
                "sha256:9a7721ec204d3a237225db3e194c25268faf92e19338a35f3a224469cb6039a3",
                "sha256:a1d3c026f57ceaad42f8231305d4653d5f05dc6332a730ae5c0bea3513de0950",
                "sha256:ab344f1bf21f140adab8e47fdbc7c35a477dc01408791f8ba00d018dd0bc5155",
                "sha256:ab5f23af8c16022663a652d3b25dcdc272ac3f83c3af4c02eb8b824e6b3ab9d7",
                "sha256:ae8d0be48d1b6ed82588934aaaa179875e7dc4f3d84da18d7eae6eb3f06c242c",
                "sha256:c91c4afd8abc3908e00a44b2672718905b8611503f7ff87390cc0ac3423fb096",
                "sha256:d5036197ecae68d7f491fcdb4df90082b0d4960ca6599ba2659957aafced7c17",
                "sha256:d6cc757de514c00b24ae8cf5c876af2a7c3df189028d68c0cb4eaa9cd5afc2bf",
                "sha256:d933fabd8f6a319e8530d0de4fcc2e6a61917e0b0c271fded460032db42a0fe4",
                "sha256:ea8282b9bcfe2b5e7d491d0bf7f3e2da29700cec05b49e64d6246923329f2b02",
                "sha256:ecde0f8adef7dfdec993fd54b0f78183051b6580f606111a6d789cd14c61ea0c",
                "sha256:f21c442fdd2805e91799fbe044a7b999b8571bb0ab0f7850d0cb9641a687092b"
            ],
            "markers": "python_version >= '3.10'",
            "version": "==1.24.3"
        },
        "pandas": {
            "hashes": [
                "sha256:02755de164da6827764ceb3bbc5f64b35cb12394b1024fdf88704d0fa06e0e2f",
                "sha256:0a1e0576611641acde15c2322228d138258f236d14b749ad9af498ab69089e2d",
                "sha256:1eb09a242184092f424b2edd06eb2b99d06dc07eeddff9929e8667d4ed44e181",
                "sha256:30a89d0fec4263ccbf96f68592fd668939481854d2ff9da709d32a047689393b",
                "sha256:50e451932b3011b61d2961b4185382c92cc8c6ee4658dcd4f320687bb2d000ee",
                "sha256:51a93d422fbb1bd04b67639ba4b5368dffc26923f3ea32a275d2cc450f1d1c86",
                "sha256:598e9020d85a8cdbaa1815eb325a91cfff2bb2b23c1442549b8a3668e36f0f77",
                "sha256:66d00300f188fa5de73f92d5725ced162488f6dc6ad4cecfe4144ca29debe3b8",
                "sha256:69167693cb8f9b3fc060956a5d0a0a8dbfed5f980d9fd2c306fb5b9c855c814c",
                "sha256:6d6d10c2142d11d40d6e6c0a190b1f89f525bcf85564707e31b0a39e3b398e08",
                "sha256:713f2f70abcdade1ddd68fc91577cb090b3544b07ceba78a12f799355a13ee44",
                "sha256:7376e13d28eb16752c398ca1d36ccfe52bf7e887067af9a0474de6331dd948d2",
                "sha256:77550c8909ebc23e56a89f91b40ad01b50c42cfbfab49b3393694a50549295ea",
                "sha256:7b21cb72958fc49ad757685db1919021d99650d7aaba676576c9e88d3889d456",
                "sha256:9ebb9f1c22ddb828e7fd017ea265a59d80461d5a79154b49a4207bd17514d122",
                "sha256:a18e5c72b989ff0f7197707ceddc99828320d0ca22ab50dd1b9e37db45b010c0",
                "sha256:a6b5f14cd24a2ed06e14255ff40fe2ea0cfaef79a8dd68069b7ace74bd6acbba",
                "sha256:b42b120458636a981077cfcfa8568c031b3e8709701315e2bfa866324a83efa8",
                "sha256:c4af689352c4fe3d75b2834933ee9d0ccdbf5d7a8a7264f0ce9524e877820c08",
                "sha256:c7319b6e68de14e6209460f72a8d1ef13c09fb3d3ef6c37c1e65b35d50b5c145",
                "sha256:cf3f0c361a4270185baa89ec7ab92ecaa355fe783791457077473f974f654df5",
                "sha256:dd46bde7309088481b1cf9c58e3f0e204b9ff9e3244f441accd220dd3365ce7c",
                "sha256:dd5476b6c3fe410ee95926873f377b856dbc4e81a9c605a0dc05aaccc6a7c6c6",
                "sha256:e69140bc2d29a8556f55445c15f5794490852af3de0f609a24003ef174528b79",
                "sha256:f908a77cbeef9bbd646bd4b81214cbef9ac3dda4181d5092a4aa9797d1bc7774"
            ],
            "index": "pypi",
            "version": "==2.0.2"
        },
        "prometheus-client": {
            "hashes": [
                "sha256:9c3b26f1535945e85b8934fb374678d263137b78ef85f305b1156c7c881cd11b",
                "sha256:a77b708cf083f4d1a3fb3ce5c95b4afa32b9c521ae363354a4a910204ea095ce"
            ],
            "markers": "python_version >= '3.6'",
            "version": "==0.17.0"
        },
        "prompt-toolkit": {
            "hashes": [
                "sha256:23ac5d50538a9a38c8bde05fecb47d0b403ecd0662857a86f886f798563d5b9b",
                "sha256:45ea77a2f7c60418850331366c81cf6b5b9cf4c7fd34616f733c5427e6abbb1f"
            ],
            "markers": "python_full_version >= '3.7.0'",
            "version": "==3.0.38"
        },
        "psycopg": {
            "hashes": [
                "sha256:ab400f207a8c120bafdd8077916d8f6c0106e809401378708485b016508c30c9",
                "sha256:fbbac339274d8733ee70ba9822297af3e8871790a26e967b5ea53e30a4b74dcc"
            ],
            "index": "pypi",
            "version": "==3.1.9"
        },
        "python-crontab": {
            "hashes": [
                "sha256:9c374d1c9d401afdd8dd958f20077f74c158ab3fffb9604296802715e887fe48",
                "sha256:b21af4647c7bbb848fef2f020616c6b0289dcb9f94b4f991a55310ff9bec5749"
            ],
            "version": "==2.7.1"
        },
        "python-dateutil": {
            "hashes": [
                "sha256:0123cacc1627ae19ddf3c27a5de5bd67ee4586fbdd6440d9748f8abb483d3e86",
                "sha256:961d03dc3453ebbc59dbdea9e4e11c5651520a876d0f4db161e8674aae935da9"
            ],
            "markers": "python_version >= '2.7' and python_version not in '3.0, 3.1, 3.2, 3.3'",
            "version": "==2.8.2"
        },
        "pytz": {
            "hashes": [
                "sha256:1d8ce29db189191fb55338ee6d0387d82ab59f3d00eac103412d64e0ebd0c588",
                "sha256:a151b3abb88eda1d4e34a9814df37de2a80e301e68ba0fd856fb9b46bfbbbffb"
            ],
            "version": "==2023.3"
        },
        "redis": {
            "extras": [
                "hiredis"
            ],
            "hashes": [
                "sha256:77929bc7f5dab9adf3acba2d3bb7d7658f1e0c2f1cafe7eb36434e751c471119",
                "sha256:dc87a0bdef6c8bfe1ef1e1c40be7034390c2ae02d92dcd0c7ca1729443899880"
            ],
            "index": "pypi",
            "version": "==4.5.5"
        },
        "scikit-learn": {
            "hashes": [
                "sha256:065e9673e24e0dc5113e2dd2b4ca30c9d8aa2fa90f4c0597241c93b63130d233",
                "sha256:2dd3ffd3950e3d6c0c0ef9033a9b9b32d910c61bd06cb8206303fb4514b88a49",
                "sha256:2e2642baa0ad1e8f8188917423dd73994bf25429f8893ddbe115be3ca3183584",
                "sha256:44b47a305190c28dd8dd73fc9445f802b6ea716669cfc22ab1eb97b335d238b1",
                "sha256:6477eed40dbce190f9f9e9d0d37e020815825b300121307942ec2110302b66a3",
                "sha256:6fe83b676f407f00afa388dd1fdd49e5c6612e551ed84f3b1b182858f09e987d",
                "sha256:7d5312d9674bed14f73773d2acf15a3272639b981e60b72c9b190a0cffed5bad",
                "sha256:7f69313884e8eb311460cc2f28676d5e400bd929841a2c8eb8742ae78ebf7c20",
                "sha256:8156db41e1c39c69aa2d8599ab7577af53e9e5e7a57b0504e116cc73c39138dd",
                "sha256:8429aea30ec24e7a8c7ed8a3fa6213adf3814a6efbea09e16e0a0c71e1a1a3d7",
                "sha256:8b0670d4224a3c2d596fd572fb4fa673b2a0ccfb07152688ebd2ea0b8c61025c",
                "sha256:953236889928d104c2ef14027539f5f2609a47ebf716b8cbe4437e85dce42744",
                "sha256:99cc01184e347de485bf253d19fcb3b1a3fb0ee4cea5ee3c43ec0cc429b6d29f",
                "sha256:9c710ff9f9936ba8a3b74a455ccf0dcf59b230caa1e9ba0223773c490cab1e51",
                "sha256:ad66c3848c0a1ec13464b2a95d0a484fd5b02ce74268eaa7e0c697b904f31d6c",
                "sha256:bf036ea7ef66115e0d49655f16febfa547886deba20149555a41d28f56fd6d3c",
                "sha256:dfeaf8be72117eb61a164ea6fc8afb6dfe08c6f90365bde2dc16456e4bc8e45f",
                "sha256:e6e574db9914afcb4e11ade84fab084536a895ca60aadea3041e85b8ac963edb",
                "sha256:ea061bf0283bf9a9f36ea3c5d3231ba2176221bbd430abd2603b1c3b2ed85c89",
                "sha256:fe0aa1a7029ed3e1dcbf4a5bc675aa3b1bc468d9012ecf6c6f081251ca47f590",
                "sha256:fe175ee1dab589d2e1033657c5b6bec92a8a3b69103e3dd361b58014729975c3"
            ],
            "index": "pypi",
            "version": "==1.2.2"
        },
        "scipy": {
            "hashes": [
                "sha256:049a8bbf0ad95277ffba9b3b7d23e5369cc39e66406d60422c8cfef40ccc8415",
                "sha256:07c3457ce0b3ad5124f98a86533106b643dd811dd61b548e78cf4c8786652f6f",
                "sha256:0f1564ea217e82c1bbe75ddf7285ba0709ecd503f048cb1236ae9995f64217bd",
                "sha256:1553b5dcddd64ba9a0d95355e63fe6c3fc303a8fd77c7bc91e77d61363f7433f",
                "sha256:15a35c4242ec5f292c3dd364a7c71a61be87a3d4ddcc693372813c0b73c9af1d",
                "sha256:1b4735d6c28aad3cdcf52117e0e91d6b39acd4272f3f5cd9907c24ee931ad601",
                "sha256:2cf9dfb80a7b4589ba4c40ce7588986d6d5cebc5457cad2c2880f6bc2d42f3a5",
                "sha256:39becb03541f9e58243f4197584286e339029e8908c46f7221abeea4b749fa88",
                "sha256:43b8e0bcb877faf0abfb613d51026cd5cc78918e9530e375727bf0625c82788f",
                "sha256:4b3f429188c66603a1a5c549fb414e4d3bdc2a24792e061ffbd607d3d75fd84e",
                "sha256:4c0ff64b06b10e35215abce517252b375e580a6125fd5fdf6421b98efbefb2d2",
                "sha256:51af417a000d2dbe1ec6c372dfe688e041a7084da4fdd350aeb139bd3fb55353",
                "sha256:5678f88c68ea866ed9ebe3a989091088553ba12c6090244fdae3e467b1139c35",
                "sha256:79c8e5a6c6ffaf3a2262ef1be1e108a035cf4f05c14df56057b64acc5bebffb6",
                "sha256:7ff7f37b1bf4417baca958d254e8e2875d0cc23aaadbe65b3d5b3077b0eb23ea",
                "sha256:aaea0a6be54462ec027de54fca511540980d1e9eea68b2d5c1dbfe084797be35",
                "sha256:bce5869c8d68cf383ce240e44c1d9ae7c06078a9396df68ce88a1230f93a30c1",
                "sha256:cd9f1027ff30d90618914a64ca9b1a77a431159df0e2a195d8a9e8a04c78abf9",
                "sha256:d925fa1c81b772882aa55bcc10bf88324dadb66ff85d548c71515f6689c6dac5",
                "sha256:e7354fd7527a4b0377ce55f286805b34e8c54b91be865bac273f527e1b839019",
                "sha256:fae8a7b898c42dffe3f7361c40d5952b6bf32d10c4569098d276b4c547905ee1"
            ],
            "markers": "python_version < '3.12' and python_version >= '3.8'",
            "version": "==1.10.1"
        },
        "setuptools": {
            "hashes": [
                "sha256:5df61bf30bb10c6f756eb19e7c9f3b473051f48db77fddbe06ff2ca307df9a6f",
                "sha256:62642358adc77ffa87233bc4d2354c4b2682d214048f500964dbe760ccedf102"
            ],
            "markers": "python_version >= '3.7'",
            "version": "==67.8.0"
        },
        "six": {
            "hashes": [
                "sha256:1e61c37477a1626458e36f7b1d82aa5c9b094fa4802892072e49de9c60c4c926",
                "sha256:8abb2f1d86890a2dfb989f9a77cfcfd3e47c2a354b01111771326f8aa26e0254"
            ],
            "markers": "python_version >= '2.7' and python_version not in '3.0, 3.1, 3.2, 3.3'",
            "version": "==1.16.0"
        },
        "sqlparse": {
            "hashes": [
                "sha256:5430a4fe2ac7d0f93e66f1efc6e1338a41884b7ddf2a350cedd20ccc4d9d28f3",
                "sha256:d446183e84b8349fa3061f0fe7f06ca94ba65b426946ffebe6e3e8295332420c"
            ],
            "markers": "python_version >= '3.5'",
            "version": "==0.4.4"
        },
        "supervisor": {
            "hashes": [
                "sha256:2ecaede32fc25af814696374b79e42644ecaba5c09494c51016ffda9602d0f08",
                "sha256:34761bae1a23c58192281a5115fb07fbf22c9b0133c08166beffc70fed3ebc12"
            ],
            "index": "pypi",
            "version": "==4.2.5"
        },
        "threadpoolctl": {
            "hashes": [
                "sha256:8b99adda265feb6773280df41eece7b2e6561b772d21ffd52e372f999024907b",
                "sha256:a335baacfaa4400ae1f0d8e3a58d6674d2f8828e3716bb2802c44955ad391380"
            ],
            "markers": "python_version >= '3.6'",
            "version": "==3.1.0"
        },
        "tornado": {
            "hashes": [
                "sha256:05615096845cf50a895026f749195bf0b10b8909f9be672f50b0fe69cba368e4",
                "sha256:0c325e66c8123c606eea33084976c832aa4e766b7dff8aedd7587ea44a604cdf",
                "sha256:29e71c847a35f6e10ca3b5c2990a52ce38b233019d8e858b755ea6ce4dcdd19d",
                "sha256:4b927c4f19b71e627b13f3db2324e4ae660527143f9e1f2e2fb404f3a187e2ba",
                "sha256:5b17b1cf5f8354efa3d37c6e28fdfd9c1c1e5122f2cb56dac121ac61baa47cbe",
                "sha256:6a0848f1aea0d196a7c4f6772197cbe2abc4266f836b0aac76947872cd29b411",
                "sha256:7efcbcc30b7c654eb6a8c9c9da787a851c18f8ccd4a5a3a95b05c7accfa068d2",
                "sha256:834ae7540ad3a83199a8da8f9f2d383e3c3d5130a328889e4cc991acc81e87a0",
                "sha256:b46a6ab20f5c7c1cb949c72c1994a4585d2eaa0be4853f50a03b5031e964fc7c",
                "sha256:c2de14066c4a38b4ecbbcd55c5cc4b5340eb04f1c5e81da7451ef555859c833f",
                "sha256:c367ab6c0393d71171123ca5515c61ff62fe09024fa6bf299cd1339dc9456829"
            ],
            "markers": "python_version >= '3.8'",
            "version": "==6.3.2"
        },
        "typing-extensions": {
            "hashes": [
                "sha256:88a4153d8505aabbb4e13aacb7c486c2b4a33ca3b3f807914a9b4c844c471c26",
                "sha256:d91d5919357fe7f681a9f2b5b4cb2a5f1ef0a1e9f59c4d8ff0d3491e05c0ffd5"
            ],
            "markers": "python_version >= '3.7'",
            "version": "==4.6.3"
        },
        "tzdata": {
            "hashes": [
                "sha256:11ef1e08e54acb0d4f95bdb1be05da659673de4acbd21bf9c69e94cc5e907a3a",
                "sha256:7e65763eef3120314099b6939b5546db7adce1e7d6f2e179e3df563c70511eda"
            ],
            "markers": "python_version >= '2'",
            "version": "==2023.3"
        },
        "vine": {
            "hashes": [
                "sha256:4c9dceab6f76ed92105027c49c823800dd33cacce13bdedc5b914e3514b7fb30",
                "sha256:7d3b1624a953da82ef63462013bbd271d3eb75751489f9807598e8f340bd637e"
            ],
            "markers": "python_version >= '3.6'",
            "version": "==5.0.0"
        },
        "wcwidth": {
            "hashes": [
                "sha256:795b138f6875577cd91bba52baf9e445cd5118fd32723b460e30a0af30ea230e",
                "sha256:a5220780a404dbe3353789870978e472cfe477761f06ee55077256e509b156d0"
            ],
            "version": "==0.2.6"
        }
    },
    "develop": {}
}
