{
    "_meta": {
        "hash": {
            "sha256": "4c54b04f8e4d80b3919428be64db8886fe6a7689380213361ec8588e190dff49"
        },
        "pipfile-spec": 6,
        "requires": {
            "python_version": "3.12"
        },
        "sources": [
            {
                "name": "pypi",
                "url": "https://pypi.org/simple",
                "verify_ssl": true
            }
        ]
    },
    "default": {
        "amqp": {
            "hashes": [
                "sha256:827cb12fb0baa892aad844fd95258143bce4027fdac4fccddbc43330fd281637",
                "sha256:a1ecff425ad063ad42a486c902807d1482311481c8ad95a72694b2975e75f7fd"
            ],
            "markers": "python_version >= '3.6'",
            "version": "==5.2.0"
        },
        "asgiref": {
            "hashes": [
                "sha256:89b2ef2247e3b562a16eef663bc0e2e703ec6468e2fa8a5cd61cd449786d4f6e",
                "sha256:9e0ce3aa93a819ba5b45120216b23878cf6e8525eb3848653452b4192b92afed"
            ],
            "markers": "python_version >= '3.7'",
            "version": "==3.7.2"
        },
        "billiard": {
            "hashes": [
                "sha256:07aa978b308f334ff8282bd4a746e681b3513db5c9a514cbdd810cbbdc19714d",
                "sha256:9a3c3184cb275aa17a732f93f65b20c525d3d9f253722d26a82194803ade5a2c"
            ],
            "markers": "python_version >= '3.7'",
            "version": "==4.2.0"
        },
        "celery": {
            "hashes": [
                "sha256:870cc71d737c0200c397290d730344cc991d13a057534353d124c9380267aab9",
                "sha256:9da4ea0118d232ce97dff5ed4974587fb1c0ff5c10042eb15278487cdd27d1af"
            ],
            "index": "pypi",
            "markers": "python_version >= '3.8'",
            "version": "==5.3.6"
        },
        "click": {
            "hashes": [
                "sha256:ae74fb96c20a0277a1d615f1e4d73c8414f5a98db8b799a7931d1582f3390c28",
                "sha256:ca9853ad459e787e2192211578cc907e7594e294c7ccc834310722b41b9ca6de"
            ],
            "markers": "python_version >= '3.7'",
            "version": "==8.1.7"
        },
        "click-didyoumean": {
            "hashes": [
                "sha256:a0713dc7a1de3f06bc0df5a9567ad19ead2d3d5689b434768a6145bff77c0667",
                "sha256:f184f0d851d96b6d29297354ed981b7dd71df7ff500d82fa6d11f0856bee8035"
            ],
            "markers": "python_full_version >= '3.6.2' and python_full_version < '4.0.0'",
            "version": "==0.3.0"
        },
        "click-plugins": {
            "hashes": [
                "sha256:46ab999744a9d831159c3411bb0c79346d94a444df9a3a3742e9ed63645f264b",
                "sha256:5d262006d3222f5057fd81e1623d4443e41dcda5dc815c06b442aa3c02889fc8"
            ],
            "version": "==1.1.1"
        },
        "click-repl": {
            "hashes": [
                "sha256:17849c23dba3d667247dc4defe1757fff98694e90fe37474f3feebb69ced26a9",
                "sha256:fb7e06deb8da8de86180a33a9da97ac316751c094c6899382da7feeeeb51b812"
            ],
            "markers": "python_version >= '3.6'",
            "version": "==0.3.0"
        },
        "cron-descriptor": {
            "hashes": [
                "sha256:7b1a00d7d25d6ae6896c0da4457e790b98cba778398a3d48e341e5e0d33f0488",
                "sha256:a67ba21804983b1427ed7f3e1ec27ee77bf24c652b0430239c268c5ddfbf9dc0"
            ],
            "version": "==1.4.3"
        },
        "django": {
            "hashes": [
                "sha256:a2d4c4d4ea0b6f0895acde632071aff6400bfc331228fc978b05452a0ff3e9f1",
                "sha256:b1260ed381b10a11753c73444408e19869f3241fc45c985cd55a30177c789d13"
            ],
            "index": "pypi",
            "markers": "python_version >= '3.8'",
            "version": "==4.2.10"
        },
        "django-celery-beat": {
            "hashes": [
                "sha256:ae460faa5ea142fba0875409095d22f6bd7bcc7377889b85e8cab5c0dfb781fe",
                "sha256:cd0a47f5958402f51ac0c715bc942ae33d7b50b4e48cba91bc3f2712be505df1"
            ],
            "index": "pypi",
            "version": "==2.5.0"
        },
        "django-cors-headers": {
            "hashes": [
                "sha256:0b1fd19297e37417fc9f835d39e45c8c642938ddba1acce0c1753d3edef04f36",
                "sha256:0bf65ef45e606aff1994d35503e6b677c0b26cafff6506f8fd7187f3be840207"
            ],
            "index": "pypi",
            "markers": "python_version >= '3.8'",
            "version": "==4.3.1"
        },
        "django-timezone-field": {
            "hashes": [
                "sha256:0095f43da716552fcc606783cfb42cb025892514f1ec660ebfa96186eb83b74c",
                "sha256:d40f7059d7bae4075725d04a9dae601af9fe3c7f0119a69b0e2c6194a782f797"
            ],
            "markers": "python_version >= '3.8' and python_version < '4.0'",
            "version": "==6.1.0"
        },
        "djangorestframework": {
            "hashes": [
                "sha256:579a333e6256b09489cbe0a067e66abe55c6595d8926be6b99423786334350c8",
                "sha256:eb63f58c9f218e1a7d064d17a70751f528ed4e1d35547fdade9aaf4cd103fd08"
            ],
            "index": "pypi",
            "markers": "python_version >= '3.6'",
            "version": "==3.14.0"
        },
        "flower": {
            "hashes": [
                "sha256:5ab717b979530770c16afb48b50d2a98d23c3e9fe39851dcf6bc4d01845a02a0",
                "sha256:9db2c621eeefbc844c8dd88be64aef61e84e2deb29b271e02ab2b5b9f01068e2"
            ],
            "index": "pypi",
            "markers": "python_version >= '3.7'",
            "version": "==2.0.1"
        },
        "gunicorn": {
            "hashes": [
                "sha256:3213aa5e8c24949e792bcacfc176fef362e7aac80b76c56f6b5122bf350722f0",
                "sha256:88ec8bff1d634f98e61b9f65bc4bf3cd918a90806c6f5c48bc5603849ec81033"
            ],
            "index": "pypi",
            "markers": "python_version >= '3.5'",
            "version": "==21.2.0"
        },
        "hiredis": {
            "hashes": [
                "sha256:01b6c24c0840ac7afafbc4db236fd55f56a9a0919a215c25a238f051781f4772",
                "sha256:02fc71c8333586871602db4774d3a3e403b4ccf6446dc4603ec12df563127cee",
                "sha256:0c0773266e1c38a06e7593bd08870ac1503f5f0ce0f5c63f2b4134b090b5d6a4",
                "sha256:0c5f6972d2bdee3cd301d5c5438e31195cf1cabf6fd9274491674d4ceb46914d",
                "sha256:0da56915bda1e0a49157191b54d3e27689b70960f0685fdd5c415dacdee2fbed",
                "sha256:14c7b43205e515f538a9defb4e411e0f0576caaeeda76bb9993ed505486f7562",
                "sha256:16b01d9ceae265d4ab9547be0cd628ecaff14b3360357a9d30c029e5ae8b7e7f",
                "sha256:1979334ccab21a49c544cd1b8d784ffb2747f99a51cb0bd0976eebb517628382",
                "sha256:1c4c0bcf786f0eac9593367b6279e9b89534e008edbf116dcd0de956524702c8",
                "sha256:1d63318ca189fddc7e75f6a4af8eae9c0545863619fb38cfba5f43e81280b286",
                "sha256:27e9619847e9dc70b14b1ad2d0fb4889e7ca18996585c3463cff6c951fd6b10b",
                "sha256:28adecb308293e705e44087a1c2d557a816f032430d8a2a9bb7873902a1c6d48",
                "sha256:28bd184b33e0dd6d65816c16521a4ba1ffbe9ff07d66873c42ea4049a62fed83",
                "sha256:322c668ee1c12d6c5750a4b1057e6b4feee2a75b3d25d630922a463cfe5e7478",
                "sha256:333b5e04866758b11bda5f5315b4e671d15755fc6ed3b7969721bc6311d0ee36",
                "sha256:33d5ebc93c39aed4b5bc769f8ce0819bc50e74bb95d57a35f838f1c4378978e0",
                "sha256:380e029bb4b1d34cf560fcc8950bf6b57c2ef0c9c8b7c7ac20b7c524a730fadd",
                "sha256:387f655444d912a963ab68abf64bf6e178a13c8e4aa945cb27388fd01a02e6f1",
                "sha256:3dd63d0bbbe75797b743f35d37a4cca7ca7ba35423a0de742ae2985752f20c6d",
                "sha256:419780f8583ddb544ffa86f9d44a7fcc183cd826101af4e5ffe535b6765f5f6b",
                "sha256:4852f4bf88f0e2d9bdf91279892f5740ed22ae368335a37a52b92a5c88691140",
                "sha256:49532d7939cc51f8e99efc326090c54acf5437ed88b9c904cc8015b3c4eda9c9",
                "sha256:4baf4b579b108062e91bd2a991dc98b9dc3dc06e6288db2d98895eea8acbac22",
                "sha256:4d59f88c4daa36b8c38e59ac7bffed6f5d7f68eaccad471484bf587b28ccc478",
                "sha256:4fc242e9da4af48714199216eb535b61e8f8d66552c8819e33fc7806bd465a09",
                "sha256:532a84a82156a82529ec401d1c25d677c6543c791e54a263aa139541c363995f",
                "sha256:5341ce3d01ef3c7418a72e370bf028c7aeb16895e79e115fe4c954fff990489e",
                "sha256:53d0f2c59bce399b8010a21bc779b4f8c32d0f582b2284ac8c98dc7578b27bc4",
                "sha256:55ce31bf4711da879b96d511208efb65a6165da4ba91cb3a96d86d5a8d9d23e6",
                "sha256:56e9b7d6051688ca94e68c0c8a54a243f8db841911b683cedf89a29d4de91509",
                "sha256:57c0d0c7e308ed5280a4900d4468bbfec51f0e1b4cde1deae7d4e639bc6b7766",
                "sha256:5986fb5f380169270a0293bebebd95466a1c85010b4f1afc2727e4d17c452512",
                "sha256:5bd42d0d45ea47a2f96babd82a659fbc60612ab9423a68e4a8191e538b85542a",
                "sha256:5c614552c6bd1d0d907f448f75550f6b24fb56cbfce80c094908b7990cad9702",
                "sha256:63a090761ddc3c1f7db5e67aa4e247b4b3bb9890080bdcdadd1b5200b8b89ac4",
                "sha256:63b99b5ea9fe4f21469fb06a16ca5244307678636f11917359e3223aaeca0b67",
                "sha256:66ab949424ac6504d823cba45c4c4854af5c59306a1531edb43b4dd22e17c102",
                "sha256:684840b014ce83541a087fcf2d48227196576f56ae3e944d4dfe14c0a3e0ccb7",
                "sha256:6871306d8b98a15e53a5f289ec1106a3a1d43e7ab6f4d785f95fcef9a7bd9504",
                "sha256:6b4edee59dc089bc3948f4f6fba309f51aa2ccce63902364900aa0a553a85e97",
                "sha256:6d7302b4b17fcc1cc727ce84ded7f6be4655701e8d58744f73b09cb9ed2b13df",
                "sha256:6dbfe1887ffa5cf3030451a56a8f965a9da2fa82b7149357752b67a335a05fc6",
                "sha256:70d226ab0306a5b8d408235cabe51d4bf3554c9e8a72d53ce0b3c5c84cf78881",
                "sha256:7298562a49d95570ab1c7fc4051e72824c6a80e907993a21a41ba204223e7334",
                "sha256:733e2456b68f3f126ddaf2cd500a33b25146c3676b97ea843665717bda0c5d43",
                "sha256:742093f33d374098aa21c1696ac6e4874b52658c870513a297a89265a4d08fe5",
                "sha256:7bac7e02915b970c3723a7a7c5df4ba7a11a3426d2a3f181e041aa506a1ff028",
                "sha256:7e8bf4444b09419b77ce671088db9f875b26720b5872d97778e2545cd87dba4a",
                "sha256:7f39f28ffc65de577c3bc0c7615f149e35bc927802a0f56e612db9b530f316f9",
                "sha256:80441b55edbef868e2563842f5030982b04349408396e5ac2b32025fb06b5212",
                "sha256:80b02d27864ebaf9b153d4b99015342382eeaed651f5591ce6f07e840307c56d",
                "sha256:88cb0b35b63717ef1e41d62f4f8717166f7c6245064957907cfe177cc144357c",
                "sha256:8c490191fa1218851f8a80c5a21a05a6f680ac5aebc2e688b71cbfe592f8fec6",
                "sha256:8e3f8b1733078ac663dad57e20060e16389a60ab542f18a97931f3a2a2dd64a4",
                "sha256:8f34801b251ca43ad70691fb08b606a2e55f06b9c9fb1fc18fd9402b19d70f7b",
                "sha256:8fc7197ff33047ce43a67851ccf190acb5b05c52fd4a001bb55766358f04da68",
                "sha256:92830c16885f29163e1c2da1f3c1edb226df1210ec7e8711aaabba3dd0d5470a",
                "sha256:9412a06b8a8e09abd6313d96864b6d7713c6003a365995a5c70cfb9209df1570",
                "sha256:948d9f2ca7841794dd9b204644963a4bcd69ced4e959b0d4ecf1b8ce994a6daa",
                "sha256:9a0026cfbf29f07649b0e34509091a2a6016ff8844b127de150efce1c3aff60b",
                "sha256:9c431431abf55b64347ddc8df68b3ef840269cb0aa5bc2d26ad9506eb4b1b866",
                "sha256:9e14fb70ca4f7efa924f508975199353bf653f452e4ef0a1e47549e208f943d7",
                "sha256:a45857e87e9d2b005e81ddac9d815a33efd26ec67032c366629f023fe64fb415",
                "sha256:a50c8af811b35b8a43b1590cf890b61ff2233225257a3cad32f43b3ec7ff1b9f",
                "sha256:a6481c3b7673a86276220140456c2a6fbfe8d1fb5c613b4728293c8634134824",
                "sha256:a6b54dabfaa5dbaa92f796f0c32819b4636e66aa8e9106c3d421624bd2a2d676",
                "sha256:a797d8c7df9944314d309b0d9e1b354e2fa4430a05bb7604da13b6ad291bf959",
                "sha256:a91a14dd95e24dc078204b18b0199226ee44644974c645dc54ee7b00c3157330",
                "sha256:adfbf2e9c38b77d0db2fb32c3bdaea638fa76b4e75847283cd707521ad2475ef",
                "sha256:ba3dc0af0def8c21ce7d903c59ea1e8ec4cb073f25ece9edaec7f92a286cd219",
                "sha256:bb777a38797c8c7df0444533119570be18d1a4ce5478dffc00c875684df7bfcb",
                "sha256:bcbe47da0aebc00a7cfe3ebdcff0373b86ce2b1856251c003e3d69c9db44b5a7",
                "sha256:bd1cee053416183adcc8e6134704c46c60c3f66b8faaf9e65bf76191ca59a2f7",
                "sha256:bd40d2e2f82a483de0d0a6dfd8c3895a02e55e5c9949610ecbded18188fd0a56",
                "sha256:bfa73e3f163c6e8b2ec26f22285d717a5f77ab2120c97a2605d8f48b26950dac",
                "sha256:c1f567489f422d40c21e53212a73bef4638d9f21043848150f8544ef1f3a6ad1",
                "sha256:c3dde4ca00fe9eee3b76209711f1941bb86db42b8a75d7f2249ff9dfc026ab0e",
                "sha256:c8937f1100435698c18e4da086968c4b5d70e86ea718376f833475ab3277c9aa",
                "sha256:ca33c175c1cf60222d9c6d01c38fc17ec3a484f32294af781de30226b003e00f",
                "sha256:ce42649e2676ad783186264d5ffc788a7612ecd7f9effb62d51c30d413a3eefe",
                "sha256:cfa67afe2269b2d203cd1389c00c5bc35a287cd57860441fb0e53b371ea6a029",
                "sha256:d47c915897a99d0d34a39fad4be97b4b709ab3d0d3b779ebccf2b6024a8c681e",
                "sha256:d4dd676107a1d3c724a56a9d9db38166ad4cf44f924ee701414751bd18a784a0",
                "sha256:d711c107e83117129b7f8bd08e9820c43ceec6204fff072a001fd82f6d13db9f",
                "sha256:dc1c3fd49930494a67dcec37d0558d99d84eca8eb3f03b17198424538f2608d7",
                "sha256:de3a32b4b76d46f1eb42b24a918d51d8ca52411a381748196241d59a895f7c5c",
                "sha256:dfa904045d7cebfb0f01dad51352551cce1d873d7c3f80c7ded7d42f8cac8f89",
                "sha256:e138d141ec5a6ec800b6d01ddc3e5561ce1c940215e0eb9960876bfde7186aae",
                "sha256:e15a408f71a6c8c87b364f1f15a6cd9c1baca12bbc47a326ac8ab99ec7ad3c64",
                "sha256:e1d86b75de787481b04d112067a4033e1ecfda2a060e50318a74e4e1c9b2948c",
                "sha256:e2674a5a3168349435b08fa0b82998ed2536eb9acccf7087efe26e4cd088a525",
                "sha256:e58494f282215fc461b06709e9a195a24c12ba09570f25bdf9efb036acc05101",
                "sha256:e627d8ef5e100556e09fb44c9571a432b10e11596d3c4043500080ca9944a91a",
                "sha256:e741ffe4e2db78a1b9dd6e5d29678ce37fbaaf65dfe132e5b82a794413302ef1",
                "sha256:e81aa4e9a1fcf604c8c4b51aa5d258e195a6ba81efe1da82dea3204443eba01c",
                "sha256:e96cd35df012a17c87ae276196ea8f215e77d6eeca90709eb03999e2d5e3fd8a",
                "sha256:ea002656a8d974daaf6089863ab0a306962c8b715db6b10879f98b781a2a5bf5",
                "sha256:eae62ed60d53b3561148bcd8c2383e430af38c0deab9f2dd15f8874888ffd26f",
                "sha256:eb8797b528c1ff81eef06713623562b36db3dafa106b59f83a6468df788ff0d1",
                "sha256:eb98038ccd368e0d88bd92ee575c58cfaf33e77f788c36b2a89a84ee1936dc6b",
                "sha256:ec444ab8f27562a363672d6a7372bc0700a1bdc9764563c57c5f9efa0e592b5f",
                "sha256:ed63e8b75c193c5e5a8288d9d7b011da076cc314fafc3bfd59ec1d8a750d48c8",
                "sha256:f2c9c0d910dd3f7df92f0638e7f65d8edd7f442203caf89c62fc79f11b0b73f8",
                "sha256:f3020b60e3fc96d08c2a9b011f1c2e2a6bdcc09cb55df93c509b88be5cb791df",
                "sha256:f47775e27388b58ce52f4f972f80e45b13c65113e9e6b6bf60148f893871dc9b",
                "sha256:f70481213373d44614148f0f2e38e7905be3f021902ae5167289413196de4ba4",
                "sha256:f9de7586522e5da6bee83c9cf0dcccac0857a43249cb4d721a2e312d98a684d1",
                "sha256:f9f606e810858207d4b4287b4ef0dc622c2aa469548bf02b59dcc616f134f811",
                "sha256:fa45f7d771094b8145af10db74704ab0f698adb682fbf3721d8090f90e42cc49"
            ],
            "version": "==2.3.2"
        },
        "humanize": {
            "hashes": [
                "sha256:582a265c931c683a7e9b8ed9559089dea7edcf6cc95be39a3cbc2c5d5ac2bcfa",
                "sha256:ce284a76d5b1377fd8836733b983bfb0b76f1aa1c090de2566fcf008d7f6ab16"
            ],
            "markers": "python_version >= '3.8'",
            "version": "==4.9.0"
        },
        "joblib": {
            "hashes": [
                "sha256:92f865e621e17784e7955080b6d042489e3b8e294949cc44c6eac304f59772b1",
                "sha256:ef4331c65f239985f3f2220ecc87db222f08fd22097a3dd5698f693875f8cbb9"
            ],
            "markers": "python_version >= '3.7'",
            "version": "==1.3.2"
        },
        "kombu": {
            "hashes": [
                "sha256:0eac1bbb464afe6fb0924b21bf79460416d25d8abc52546d4f16cad94f789488",
                "sha256:30e470f1a6b49c70dc6f6d13c3e4cc4e178aa6c469ceb6bcd55645385fc84b93"
            ],
            "markers": "python_version >= '3.8'",
            "version": "==5.3.5"
        },
        "numpy": {
            "hashes": [
                "sha256:03a8c78d01d9781b28a6989f6fa1bb2c4f2d51201cf99d3dd875df6fbd96b23b",
                "sha256:08beddf13648eb95f8d867350f6a018a4be2e5ad54c8d8caed89ebca558b2818",
                "sha256:1af303d6b2210eb850fcf03064d364652b7120803a0b872f5211f5234b399f20",
                "sha256:1dda2e7b4ec9dd512f84935c5f126c8bd8b9f2fc001e9f54af255e8c5f16b0e0",
                "sha256:2a02aba9ed12e4ac4eb3ea9421c420301a0c6460d9830d74a9df87efa4912010",
                "sha256:2e4ee3380d6de9c9ec04745830fd9e2eccb3e6cf790d39d7b98ffd19b0dd754a",
                "sha256:3373d5d70a5fe74a2c1bb6d2cfd9609ecf686d47a2d7b1d37a8f3b6bf6003aea",
                "sha256:47711010ad8555514b434df65f7d7b076bb8261df1ca9bb78f53d3b2db02e95c",
                "sha256:4c66707fabe114439db9068ee468c26bbdf909cac0fb58686a42a24de1760c71",
                "sha256:50193e430acfc1346175fcbdaa28ffec49947a06918b7b92130744e81e640110",
                "sha256:52b8b60467cd7dd1e9ed082188b4e6bb35aa5cdd01777621a1658910745b90be",
                "sha256:60dedbb91afcbfdc9bc0b1f3f402804070deed7392c23eb7a7f07fa857868e8a",
                "sha256:62b8e4b1e28009ef2846b4c7852046736bab361f7aeadeb6a5b89ebec3c7055a",
                "sha256:666dbfb6ec68962c033a450943ded891bed2d54e6755e35e5835d63f4f6931d5",
                "sha256:675d61ffbfa78604709862923189bad94014bef562cc35cf61d3a07bba02a7ed",
                "sha256:679b0076f67ecc0138fd2ede3a8fd196dddc2ad3254069bcb9faf9a79b1cebcd",
                "sha256:7349ab0fa0c429c82442a27a9673fc802ffdb7c7775fad780226cb234965e53c",
                "sha256:7ab55401287bfec946ced39700c053796e7cc0e3acbef09993a9ad2adba6ca6e",
                "sha256:7e50d0a0cc3189f9cb0aeb3a6a6af18c16f59f004b866cd2be1c14b36134a4a0",
                "sha256:95a7476c59002f2f6c590b9b7b998306fba6a5aa646b1e22ddfeaf8f78c3a29c",
                "sha256:96ff0b2ad353d8f990b63294c8986f1ec3cb19d749234014f4e7eb0112ceba5a",
                "sha256:9fad7dcb1aac3c7f0584a5a8133e3a43eeb2fe127f47e3632d43d677c66c102b",
                "sha256:9ff0f4f29c51e2803569d7a51c2304de5554655a60c5d776e35b4a41413830d0",
                "sha256:a354325ee03388678242a4d7ebcd08b5c727033fcff3b2f536aea978e15ee9e6",
                "sha256:a4abb4f9001ad2858e7ac189089c42178fcce737e4169dc61321660f1a96c7d2",
                "sha256:ab47dbe5cc8210f55aa58e4805fe224dac469cde56b9f731a4c098b91917159a",
                "sha256:afedb719a9dcfc7eaf2287b839d8198e06dcd4cb5d276a3df279231138e83d30",
                "sha256:b3ce300f3644fb06443ee2222c2201dd3a89ea6040541412b8fa189341847218",
                "sha256:b97fe8060236edf3662adfc2c633f56a08ae30560c56310562cb4f95500022d5",
                "sha256:bfe25acf8b437eb2a8b2d49d443800a5f18508cd811fea3181723922a8a82b07",
                "sha256:cd25bcecc4974d09257ffcd1f098ee778f7834c3ad767fe5db785be9a4aa9cb2",
                "sha256:d209d8969599b27ad20994c8e41936ee0964e6da07478d6c35016bc386b66ad4",
                "sha256:d5241e0a80d808d70546c697135da2c613f30e28251ff8307eb72ba696945764",
                "sha256:edd8b5fe47dab091176d21bb6de568acdd906d1887a4584a15a9a96a1dca06ef",
                "sha256:f870204a840a60da0b12273ef34f7051e98c3b5961b61b0c2c1be6dfd64fbcd3",
                "sha256:ffa75af20b44f8dba823498024771d5ac50620e6915abac414251bd971b4529f"
            ],
            "markers": "python_version >= '3.12'",
            "version": "==1.26.4"
        },
        "packaging": {
            "hashes": [
                "sha256:048fb0e9405036518eaaf48a55953c750c11e1a1b68e0dd1a9d62ed0c092cfc5",
                "sha256:8c491190033a9af7e1d931d0b5dacc2ef47509b34dd0de67ed209b5203fc88c7"
            ],
            "markers": "python_version >= '3.7'",
            "version": "==23.2"
        },
        "pandas": {
            "hashes": [
                "sha256:159205c99d7a5ce89ecfc37cb08ed179de7783737cea403b295b5eda8e9c56d1",
                "sha256:20404d2adefe92aed3b38da41d0847a143a09be982a31b85bc7dd565bdba0f4e",
                "sha256:2707514a7bec41a4ab81f2ccce8b382961a29fbe9492eab1305bb075b2b1ff4f",
                "sha256:30b83f7c3eb217fb4d1b494a57a2fda5444f17834f5df2de6b2ffff68dc3c8e2",
                "sha256:38e0b4fc3ddceb56ec8a287313bc22abe17ab0eb184069f08fc6a9352a769b18",
                "sha256:3de918a754bbf2da2381e8a3dcc45eede8cd7775b047b923f9006d5f876802ae",
                "sha256:52826b5f4ed658fa2b729264d63f6732b8b29949c7fd234510d57c61dbeadfcd",
                "sha256:57abcaeda83fb80d447f28ab0cc7b32b13978f6f733875ebd1ed14f8fbc0f4ab",
                "sha256:5a946f210383c7e6d16312d30b238fd508d80d927014f3b33fb5b15c2f895430",
                "sha256:736da9ad4033aeab51d067fc3bd69a0ba36f5a60f66a527b3d72e2030e63280a",
                "sha256:761cb99b42a69005dec2b08854fb1d4888fdf7b05db23a8c5a099e4b886a2106",
                "sha256:7ea3ee3f125032bfcade3a4cf85131ed064b4f8dd23e5ce6fa16473e48ebcaf5",
                "sha256:8108ee1712bb4fa2c16981fba7e68b3f6ea330277f5ca34fa8d557e986a11670",
                "sha256:85793cbdc2d5bc32620dc8ffa715423f0c680dacacf55056ba13454a5be5de88",
                "sha256:8ce2fbc8d9bf303ce54a476116165220a1fedf15985b09656b4b4275300e920b",
                "sha256:9f66419d4a41132eb7e9a73dcec9486cf5019f52d90dd35547af11bc58f8637d",
                "sha256:a146b9dcacc3123aa2b399df1a284de5f46287a4ab4fbfc237eac98a92ebcb71",
                "sha256:a1b438fa26b208005c997e78672f1aa8138f67002e833312e6230f3e57fa87d5",
                "sha256:a20628faaf444da122b2a64b1e5360cde100ee6283ae8effa0d8745153809a2e",
                "sha256:a41d06f308a024981dcaa6c41f2f2be46a6b186b902c94c2674e8cb5c42985bc",
                "sha256:a626795722d893ed6aacb64d2401d017ddc8a2341b49e0384ab9bf7112bdec30",
                "sha256:bde2bc699dbd80d7bc7f9cab1e23a95c4375de615860ca089f34e7c64f4a8de7",
                "sha256:cfd6c2491dc821b10c716ad6776e7ab311f7df5d16038d0b7458bc0b67dc10f3",
                "sha256:e60f1f7dba3c2d5ca159e18c46a34e7ca7247a73b5dd1a22b6d59707ed6b899a",
                "sha256:eb1e1f3861ea9132b32f2133788f3b14911b68102d562715d71bd0013bc45440",
                "sha256:eb61dc8567b798b969bcc1fc964788f5a68214d333cade8319c7ab33e2b5d88a",
                "sha256:f5be5d03ea2073627e7111f61b9f1f0d9625dc3c4d8dda72cc827b0c58a1d042",
                "sha256:f9670b3ac00a387620489dfc1bca66db47a787f4e55911f1293063a78b108df1",
                "sha256:fbc1b53c0e1fdf16388c33c3cca160f798d38aea2978004dd3f4d3dec56454c9"
            ],
            "index": "pypi",
            "markers": "python_version >= '3.9'",
            "version": "==2.2.0"
        },
        "prometheus-client": {
            "hashes": [
                "sha256:287629d00b147a32dcb2be0b9df905da599b2d82f80377083ec8463309a4bb89",
                "sha256:cde524a85bce83ca359cc837f28b8c0db5cac7aa653a588fd7e84ba061c329e7"
            ],
            "markers": "python_version >= '3.8'",
            "version": "==0.20.0"
        },
        "prompt-toolkit": {
            "hashes": [
                "sha256:3527b7af26106cbc65a040bcc84839a3566ec1b051bb0bfe953631e704b0ff7d",
                "sha256:a11a29cb3bf0a28a387fe5122cdb649816a957cd9261dcedf8c9f1fef33eacf6"
            ],
            "markers": "python_full_version >= '3.7.0'",
            "version": "==3.0.43"
        },
        "psycopg": {
            "hashes": [
                "sha256:31144d3fb4c17d78094d9e579826f047d4af1da6a10427d91dfcfb6ecdf6f12b",
                "sha256:4d5a0a5a8590906daa58ebd5f3cfc34091377354a1acced269dd10faf55da60e"
            ],
            "index": "pypi",
            "markers": "python_version >= '3.7'",
            "version": "==3.1.18"
        },
        "python-crontab": {
            "hashes": [
                "sha256:6d5ba3c190ec76e4d252989a1644fcb233dbf53fbc8fceeb9febe1657b9fb1d4",
                "sha256:79fb7465039ddfd4fb93d072d6ee0d45c1ac8bf1597f0686ea14fd4361dba379"
            ],
            "version": "==3.0.0"
        },
        "python-dateutil": {
            "hashes": [
                "sha256:0123cacc1627ae19ddf3c27a5de5bd67ee4586fbdd6440d9748f8abb483d3e86",
                "sha256:961d03dc3453ebbc59dbdea9e4e11c5651520a876d0f4db161e8674aae935da9"
            ],
            "markers": "python_version >= '2.7' and python_version not in '3.0, 3.1, 3.2'",
            "version": "==2.8.2"
        },
        "pytz": {
            "hashes": [
                "sha256:2a29735ea9c18baf14b448846bde5a48030ed267578472d8955cd0e7443a9812",
                "sha256:328171f4e3623139da4983451950b28e95ac706e13f3f2630a879749e7a8b319"
            ],
            "version": "==2024.1"
        },
        "redis": {
            "extras": [
                "hiredis"
            ],
            "hashes": [
                "sha256:0dab495cd5753069d3bc650a0dde8a8f9edde16fc5691b689a566eda58100d0f",
                "sha256:ed4802971884ae19d640775ba3b03aa2e7bd5e8fb8dfaed2decce4d0fc48391f"
            ],
            "markers": "python_version >= '3.7'",
            "version": "==5.0.1"
        },
        "scikit-learn": {
            "hashes": [
                "sha256:065e9673e24e0dc5113e2dd2b4ca30c9d8aa2fa90f4c0597241c93b63130d233",
                "sha256:2dd3ffd3950e3d6c0c0ef9033a9b9b32d910c61bd06cb8206303fb4514b88a49",
                "sha256:2e2642baa0ad1e8f8188917423dd73994bf25429f8893ddbe115be3ca3183584",
                "sha256:44b47a305190c28dd8dd73fc9445f802b6ea716669cfc22ab1eb97b335d238b1",
                "sha256:6477eed40dbce190f9f9e9d0d37e020815825b300121307942ec2110302b66a3",
                "sha256:6fe83b676f407f00afa388dd1fdd49e5c6612e551ed84f3b1b182858f09e987d",
                "sha256:7d5312d9674bed14f73773d2acf15a3272639b981e60b72c9b190a0cffed5bad",
                "sha256:7f69313884e8eb311460cc2f28676d5e400bd929841a2c8eb8742ae78ebf7c20",
                "sha256:8156db41e1c39c69aa2d8599ab7577af53e9e5e7a57b0504e116cc73c39138dd",
                "sha256:8429aea30ec24e7a8c7ed8a3fa6213adf3814a6efbea09e16e0a0c71e1a1a3d7",
                "sha256:8b0670d4224a3c2d596fd572fb4fa673b2a0ccfb07152688ebd2ea0b8c61025c",
                "sha256:953236889928d104c2ef14027539f5f2609a47ebf716b8cbe4437e85dce42744",
                "sha256:99cc01184e347de485bf253d19fcb3b1a3fb0ee4cea5ee3c43ec0cc429b6d29f",
                "sha256:9c710ff9f9936ba8a3b74a455ccf0dcf59b230caa1e9ba0223773c490cab1e51",
                "sha256:ad66c3848c0a1ec13464b2a95d0a484fd5b02ce74268eaa7e0c697b904f31d6c",
                "sha256:bf036ea7ef66115e0d49655f16febfa547886deba20149555a41d28f56fd6d3c",
                "sha256:dfeaf8be72117eb61a164ea6fc8afb6dfe08c6f90365bde2dc16456e4bc8e45f",
                "sha256:e6e574db9914afcb4e11ade84fab084536a895ca60aadea3041e85b8ac963edb",
                "sha256:ea061bf0283bf9a9f36ea3c5d3231ba2176221bbd430abd2603b1c3b2ed85c89",
                "sha256:fe0aa1a7029ed3e1dcbf4a5bc675aa3b1bc468d9012ecf6c6f081251ca47f590",
                "sha256:fe175ee1dab589d2e1033657c5b6bec92a8a3b69103e3dd361b58014729975c3"
            ],
            "index": "pypi",
            "markers": "python_version >= '3.8'",
            "version": "==1.2.2"
        },
        "scipy": {
            "hashes": [
                "sha256:196ebad3a4882081f62a5bf4aeb7326aa34b110e533aab23e4374fcccb0890dc",
                "sha256:408c68423f9de16cb9e602528be4ce0d6312b05001f3de61fe9ec8b1263cad08",
                "sha256:4bf5abab8a36d20193c698b0f1fc282c1d083c94723902c447e5d2f1780936a3",
                "sha256:4c1020cad92772bf44b8e4cdabc1df5d87376cb219742549ef69fc9fd86282dd",
                "sha256:5adfad5dbf0163397beb4aca679187d24aec085343755fcdbdeb32b3679f254c",
                "sha256:5e32847e08da8d895ce09d108a494d9eb78974cf6de23063f93306a3e419960c",
                "sha256:6546dc2c11a9df6926afcbdd8a3edec28566e4e785b915e849348c6dd9f3f490",
                "sha256:730badef9b827b368f351eacae2e82da414e13cf8bd5051b4bdfd720271a5371",
                "sha256:75ea2a144096b5e39402e2ff53a36fecfd3b960d786b7efd3c180e29c39e53f2",
                "sha256:78e4402e140879387187f7f25d91cc592b3501a2e51dfb320f48dfb73565f10b",
                "sha256:8b8066bce124ee5531d12a74b617d9ac0ea59245246410e19bca549656d9a40a",
                "sha256:8bee4993817e204d761dba10dbab0774ba5a8612e57e81319ea04d84945375ba",
                "sha256:913d6e7956c3a671de3b05ccb66b11bc293f56bfdef040583a7221d9e22a2e35",
                "sha256:95e5c750d55cf518c398a8240571b0e0782c2d5a703250872f36eaf737751338",
                "sha256:9c39f92041f490422924dfdb782527a4abddf4707616e07b021de33467f917bc",
                "sha256:a24024d45ce9a675c1fb8494e8e5244efea1c7a09c60beb1eeb80373d0fecc70",
                "sha256:a7ebda398f86e56178c2fa94cad15bf457a218a54a35c2a7b4490b9f9cb2676c",
                "sha256:b360f1b6b2f742781299514e99ff560d1fe9bd1bff2712894b52abe528d1fd1e",
                "sha256:bba1b0c7256ad75401c73e4b3cf09d1f176e9bd4248f0d3112170fb2ec4db067",
                "sha256:c3003652496f6e7c387b1cf63f4bb720951cfa18907e998ea551e6de51a04467",
                "sha256:e53958531a7c695ff66c2e7bb7b79560ffdc562e2051644c5576c39ff8efb563",
                "sha256:e646d8571804a304e1da01040d21577685ce8e2db08ac58e543eaca063453e1c",
                "sha256:e7e76cc48638228212c747ada851ef355c2bb5e7f939e10952bc504c11f4e372",
                "sha256:f5f00ebaf8de24d14b8449981a2842d404152774c1a1d880c901bf454cb8e2a1",
                "sha256:f7ce148dffcd64ade37b2df9315541f9adad6efcaa86866ee7dd5db0c8f041c3"
            ],
            "markers": "python_version >= '3.9'",
            "version": "==1.12.0"
        },
        "setuptools": {
            "hashes": [
                "sha256:850894c4195f09c4ed30dba56213bf7c3f21d86ed6bdaafb5df5972593bfc401",
                "sha256:c054629b81b946d63a9c6e732bc8b2513a7c3ea645f11d0139a2191d735c60c6"
            ],
            "markers": "python_version >= '3.8'",
            "version": "==69.1.0"
        },
        "six": {
            "hashes": [
                "sha256:1e61c37477a1626458e36f7b1d82aa5c9b094fa4802892072e49de9c60c4c926",
                "sha256:8abb2f1d86890a2dfb989f9a77cfcfd3e47c2a354b01111771326f8aa26e0254"
            ],
            "markers": "python_version >= '2.7' and python_version not in '3.0, 3.1, 3.2'",
            "version": "==1.16.0"
        },
        "sqlparse": {
            "hashes": [
                "sha256:5430a4fe2ac7d0f93e66f1efc6e1338a41884b7ddf2a350cedd20ccc4d9d28f3",
                "sha256:d446183e84b8349fa3061f0fe7f06ca94ba65b426946ffebe6e3e8295332420c"
            ],
            "markers": "python_version >= '3.5'",
            "version": "==0.4.4"
        },
        "supervisor": {
            "hashes": [
                "sha256:2ecaede32fc25af814696374b79e42644ecaba5c09494c51016ffda9602d0f08",
                "sha256:34761bae1a23c58192281a5115fb07fbf22c9b0133c08166beffc70fed3ebc12"
            ],
            "index": "pypi",
            "version": "==4.2.5"
        },
        "threadpoolctl": {
            "hashes": [
                "sha256:5dac632b4fa2d43f42130267929af3ba01399ef4bd1882918e92dbc30365d30c",
                "sha256:6155be1f4a39f31a18ea70f94a77e0ccd57dced08122ea61109e7da89883781e"
            ],
            "markers": "python_version >= '3.8'",
            "version": "==3.3.0"
        },
        "tornado": {
            "hashes": [
                "sha256:02ccefc7d8211e5a7f9e8bc3f9e5b0ad6262ba2fbb683a6443ecc804e5224ce0",
                "sha256:10aeaa8006333433da48dec9fe417877f8bcc21f48dda8d661ae79da357b2a63",
                "sha256:27787de946a9cffd63ce5814c33f734c627a87072ec7eed71f7fc4417bb16263",
                "sha256:6f8a6c77900f5ae93d8b4ae1196472d0ccc2775cc1dfdc9e7727889145c45052",
                "sha256:71ddfc23a0e03ef2df1c1397d859868d158c8276a0603b96cf86892bff58149f",
                "sha256:72291fa6e6bc84e626589f1c29d90a5a6d593ef5ae68052ee2ef000dfd273dee",
                "sha256:88b84956273fbd73420e6d4b8d5ccbe913c65d31351b4c004ae362eba06e1f78",
                "sha256:e43bc2e5370a6a8e413e1e1cd0c91bedc5bd62a74a532371042a18ef19e10579",
                "sha256:f0251554cdd50b4b44362f73ad5ba7126fc5b2c2895cc62b14a1c2d7ea32f212",
                "sha256:f7894c581ecdcf91666a0912f18ce5e757213999e183ebfc2c3fdbf4d5bd764e",
                "sha256:fd03192e287fbd0899dd8f81c6fb9cbbc69194d2074b38f384cb6fa72b80e9c2"
            ],
            "markers": "python_version >= '3.8'",
            "version": "==6.4"
        },
        "typing-extensions": {
            "hashes": [
                "sha256:23478f88c37f27d76ac8aee6c905017a143b0b1b886c3c9f66bc2fd94f9f5783",
                "sha256:af72aea155e91adfc61c3ae9e0e342dbc0cba726d6cba4b6c72c1f34e47291cd"
            ],
            "markers": "python_version >= '3.8'",
            "version": "==4.9.0"
        },
        "tzdata": {
            "hashes": [
                "sha256:2674120f8d891909751c38abcdfd386ac0a5a1127954fbc332af6b5ceae07efd",
                "sha256:9068bc196136463f5245e51efda838afa15aaeca9903f49050dfa2679db4d252"
            ],
            "markers": "python_version >= '2'",
            "version": "==2024.1"
        },
        "vine": {
            "hashes": [
                "sha256:40fdf3c48b2cfe1c38a49e9ae2da6fda88e4794c810050a728bd7413811fb1dc",
                "sha256:8b62e981d35c41049211cf62a0a1242d8c1ee9bd15bb196ce38aefd6799e61e0"
            ],
            "markers": "python_version >= '3.6'",
            "version": "==5.1.0"
        },
        "wcwidth": {
            "hashes": [
                "sha256:3da69048e4540d84af32131829ff948f1e022c1c6bdb8d6102117aac784f6859",
                "sha256:72ea0c06399eb286d978fdedb6923a9eb47e1c486ce63e9b4e64fc18303972b5"
            ],
            "version": "==0.2.13"
        }
    },
    "develop": {}
}
